{
  "name": "novella",
  "version": "1.0.0",
  "lockfileVersion": 3,
  "requires": true,
  "packages": {
    "": {
      "name": "novella",
      "version": "1.0.0",
      "dependencies": {
        "openid-client": "^6.8.4"
      },
      "engines": {
        "node": ">=24"
      }
    },
    "node_modules/jose": {
      "version": "6.2.8",
      "resolved": "https://registry.npmjs.org/jose/-/jose-6.2.8.tgz",
      "integrity": "sha512-Bsdjwm3Qsd/P0jR+BHDe3LytDfY7WBq2HmCCLIwuVRHMuEC9ae7/R474GIUdF1NgCyZjzVo/A9DOiOBtXq8ZoQ==",
      "license": "MIT",
      "funding": {
        "url": "https://github.com/sponsors/panva"
      }
    },
    "node_modules/oauth4webapi": {
      "version": "3.8.6",
      "resolved": "https://registry.npmjs.org/oauth4webapi/-/oauth4webapi-3.8.6.tgz",
      "integrity": "sha512-iwemM91xz8nryHti2yTmg5fhyEMVOkOXwHNqbvcATjyajb5oQxCQzrNOA6uElRHuMhQQTKUyFKV9y/CNyg25BQ==",
      "license": "MIT",
      "funding": {
        "url": "https://github.com/sponsors/panva"
      }
    },
    "node_modules/openid-client": {
      "version": "6.8.4",
      "resolved": "https://registry.npmjs.org/openid-client/-/openid-client-6.8.4.tgz",
      "integrity": "sha512-QSw0BA08piujetEwfZsHoTrDpMEha7GDZDicQqVwX4u0ChCjefvjDB++TZ8BTg76UpwhzIQgdvvfgfl3HpCSAw==",
      "license": "MIT",
      "dependencies": {
        "jose": "^6.2.2",
        "oauth4webapi": "^3.8.5"
      },
      "funding": {
        "url": "https://github.com/sponsors/panva"
      }
    }
  }
}
